
Microsoft Visual Studio Solution File, Format Version 12.00
# Visual Studio Version 17
VisualStudioVersion = 17.3.32922.545
MinimumVisualStudioVersion = 10.0.40219.1
Project("{FAE04EC0-301F-11D3-BF4B-00C04F79EFBC}") = "secondapp", "secondapp.csproj", "{3BF38A24-0025-4FCC-82CF-3486A5E38732}"
EndProject
Global
	GlobalSection(SolutionConfigurationPlatforms) = preSolution
		Debug|Any CPU = Debug|Any CPU
		Release|Any CPU = Release|Any CPU
	EndGlobalSection
	GlobalSection(ProjectConfigurationPlatforms) = postSolution
		{3BF38A24-0025-4FCC-82CF-3486A5E38732}.Debug|Any CPU.ActiveCfg = Debug|Any CPU
		{3BF38A24-0025-4FCC-82CF-3486A5E38732}.Debug|Any CPU.Build.0 = Debug|Any CPU
		{3BF38A24-0025-4FCC-82CF-3486A5E38732}.Release|Any CPU.ActiveCfg = Release|Any CPU
		{3BF38A24-0025-4FCC-82CF-3486A5E38732}.Release|Any CPU.Build.0 = Release|Any CPU
	EndGlobalSection
	GlobalSection(SolutionProperties) = preSolution
		HideSolutionNode = FALSE
	EndGlobalSection
	GlobalSection(ExtensibilityGlobals) = postSolution
		SolutionGuid = {FBA57FD7-D5C5-4394-A328-2766A2909DDF}
	EndGlobalSection
EndGlobal
